// !$*UTF8*$!
{
	archiveVersion = 1;
	classes = {
	};
	objectVersion = 48;
	objects = {

/* Begin PBXBuildFile section */
		54039EF51FD8E59F00298581 /* UIViewControllerExt.swift in Sources */ = {isa = PBXBuildFile; fileRef = 54039EF41FD8E59F00298581 /* UIViewControllerExt.swift */; };
		5424C9A61FC8FED90002ED98 /* AppDelegate.swift in Sources */ = {isa = PBXBuildFile; fileRef = 5424C9A51FC8FED90002ED98 /* AppDelegate.swift */; };
		5424C9A81FC8FED90002ED98 /* FeedVC.swift in Sources */ = {isa = PBXBuildFile; fileRef = 5424C9A71FC8FED90002ED98 /* FeedVC.swift */; };
		5424C9AA1FC8FED90002ED98 /* GroupsVC.swift in Sources */ = {isa = PBXBuildFile; fileRef = 5424C9A91FC8FED90002ED98 /* GroupsVC.swift */; };
		5424C9AD1FC8FED90002ED98 /* Main.storyboard in Resources */ = {isa = PBXBuildFile; fileRef = 5424C9AB1FC8FED90002ED98 /* Main.storyboard */; };
		5424C9AF1FC8FED90002ED98 /* Assets.xcassets in Resources */ = {isa = PBXBuildFile; fileRef = 5424C9AE1FC8FED90002ED98 /* Assets.xcassets */; };
		5424C9B21FC8FED90002ED98 /* LaunchScreen.storyboard in Resources */ = {isa = PBXBuildFile; fileRef = 5424C9B01FC8FED90002ED98 /* LaunchScreen.storyboard */; };
		5424C9BF1FC903F80002ED98 /* GoogleService-Info.plist in Resources */ = {isa = PBXBuildFile; fileRef = 5424C9BE1FC903F80002ED98 /* GoogleService-Info.plist */; };
		5424C9C11FC9062F0002ED98 /* DataService.swift in Sources */ = {isa = PBXBuildFile; fileRef = 5424C9C01FC9062F0002ED98 /* DataService.swift */; };
		5424C9C31FC9169A0002ED98 /* AuthVC.swift in Sources */ = {isa = PBXBuildFile; fileRef = 5424C9C21FC9169A0002ED98 /* AuthVC.swift */; };
		5424C9C51FC916AD0002ED98 /* LoginVC.swift in Sources */ = {isa = PBXBuildFile; fileRef = 5424C9C41FC916AD0002ED98 /* LoginVC.swift */; };
		5424C9C71FC917370002ED98 /* InsetTextField.swift in Sources */ = {isa = PBXBuildFile; fileRef = 5424C9C61FC917370002ED98 /* InsetTextField.swift */; };
		5424C9C91FC92B850002ED98 /* ShadowView.swift in Sources */ = {isa = PBXBuildFile; fileRef = 5424C9C81FC92B850002ED98 /* ShadowView.swift */; };
		5424C9CB1FC92CC90002ED98 /* AuthService.swift in Sources */ = {isa = PBXBuildFile; fileRef = 5424C9CA1FC92CC90002ED98 /* AuthService.swift */; };
		5425C5E51FCD086000F946B5 /* CreateGroupsVC.swift in Sources */ = {isa = PBXBuildFile; fileRef = 5425C5E41FCD086000F946B5 /* CreateGroupsVC.swift */; };
		548193831FCA5F3700B06737 /* MeVC.swift in Sources */ = {isa = PBXBuildFile; fileRef = 548193821FCA5F3700B06737 /* MeVC.swift */; };
		548193851FCA667B00B06737 /* CreatePostVC.swift in Sources */ = {isa = PBXBuildFile; fileRef = 548193841FCA667B00B06737 /* CreatePostVC.swift */; };
		548193871FCA7D3A00B06737 /* UIViewExt.swift in Sources */ = {isa = PBXBuildFile; fileRef = 548193861FCA7D3A00B06737 /* UIViewExt.swift */; };
		548193891FCA88C700B06737 /* FeedCell.swift in Sources */ = {isa = PBXBuildFile; fileRef = 548193881FCA88C700B06737 /* FeedCell.swift */; };
		5481938B1FCA8A1600B06737 /* Message.swift in Sources */ = {isa = PBXBuildFile; fileRef = 5481938A1FCA8A1600B06737 /* Message.swift */; };
		54B186FC1FD3A0C7002F8D1B /* GroupCell.swift in Sources */ = {isa = PBXBuildFile; fileRef = 54B186FB1FD3A0C7002F8D1B /* GroupCell.swift */; };
		54B186FE1FD3C1A8002F8D1B /* Group.swift in Sources */ = {isa = PBXBuildFile; fileRef = 54B186FD1FD3C1A8002F8D1B /* Group.swift */; };
		54B187001FD4C4A2002F8D1B /* GroupFeedCell.swift in Sources */ = {isa = PBXBuildFile; fileRef = 54B186FF1FD4C4A2002F8D1B /* GroupFeedCell.swift */; };
		54B187021FD4C523002F8D1B /* GroupFeedVC.swift in Sources */ = {isa = PBXBuildFile; fileRef = 54B187011FD4C523002F8D1B /* GroupFeedVC.swift */; };
		54EC6EE41FCD2352001468D8 /* UserCell.swift in Sources */ = {isa = PBXBuildFile; fileRef = 54EC6EE31FCD2352001468D8 /* UserCell.swift */; };
		EE76EDB98A344E7820B2FC39 /* Pods_breakpoint.framework in Frameworks */ = {isa = PBXBuildFile; fileRef = 3F2046854E2D68AB649A48AA /* Pods_breakpoint.framework */; };
/* End PBXBuildFile section */

/* Begin PBXFileReference section */
		140D50C874612CB4EECB0BFF /* Pods-breakpoint.debug.xcconfig */ = {isa = PBXFileReference; includeInIndex = 1; lastKnownFileType = text.xcconfig; name = "Pods-breakpoint.debug.xcconfig"; path = "Pods/Target Support Files/Pods-breakpoint/Pods-breakpoint.debug.xcconfig"; sourceTree = "<group>"; };
		3F2046854E2D68AB649A48AA /* Pods_breakpoint.framework */ = {isa = PBXFileReference; explicitFileType = wrapper.framework; includeInIndex = 0; path = Pods_breakpoint.framework; sourceTree = BUILT_PRODUCTS_DIR; };
		54039EF41FD8E59F00298581 /* UIViewControllerExt.swift */ = {isa = PBXFileReference; lastKnownFileType = sourcecode.swift; path = UIViewControllerExt.swift; sourceTree = "<group>"; };
		5424C9A21FC8FED90002ED98 /* breakpoint.app */ = {isa = PBXFileReference; explicitFileType = wrapper.application; includeInIndex = 0; path = breakpoint.app; sourceTree = BUILT_PRODUCTS_DIR; };
		5424C9A51FC8FED90002ED98 /* AppDelegate.swift */ = {isa = PBXFileReference; lastKnownFileType = sourcecode.swift; path = AppDelegate.swift; sourceTree = "<group>"; };
		5424C9A71FC8FED90002ED98 /* FeedVC.swift */ = {isa = PBXFileReference; lastKnownFileType = sourcecode.swift; path = FeedVC.swift; sourceTree = "<group>"; };
		5424C9A91FC8FED90002ED98 /* GroupsVC.swift */ = {isa = PBXFileReference; lastKnownFileType = sourcecode.swift; path = GroupsVC.swift; sourceTree = "<group>"; };
		5424C9AC1FC8FED90002ED98 /* Base */ = {isa = PBXFileReference; lastKnownFileType = file.storyboard; name = Base; path = Base.lproj/Main.storyboard; sourceTree = "<group>"; };
		5424C9AE1FC8FED90002ED98 /* Assets.xcassets */ = {isa = PBXFileReference; lastKnownFileType = folder.assetcatalog; path = Assets.xcassets; sourceTree = "<group>"; };
		5424C9B11FC8FED90002ED98 /* Base */ = {isa = PBXFileReference; lastKnownFileType = file.storyboard; name = Base; path = Base.lproj/LaunchScreen.storyboard; sourceTree = "<group>"; };
		5424C9B31FC8FED90002ED98 /* Info.plist */ = {isa = PBXFileReference; lastKnownFileType = text.plist.xml; path = Info.plist; sourceTree = "<group>"; };
		5424C9BE1FC903F80002ED98 /* GoogleService-Info.plist */ = {isa = PBXFileReference; fileEncoding = 4; lastKnownFileType = text.plist.xml; path = "GoogleService-Info.plist"; sourceTree = "<group>"; };
		5424C9C01FC9062F0002ED98 /* DataService.swift */ = {isa = PBXFileReference; lastKnownFileType = sourcecode.swift; path = DataService.swift; sourceTree = "<group>"; };
		5424C9C21FC9169A0002ED98 /* AuthVC.swift */ = {isa = PBXFileReference; lastKnownFileType = sourcecode.swift; path = AuthVC.swift; sourceTree = "<group>"; };
		5424C9C41FC916AD0002ED98 /* LoginVC.swift */ = {isa = PBXFileReference; lastKnownFileType = sourcecode.swift; path = LoginVC.swift; sourceTree = "<group>"; };
		5424C9C61FC917370002ED98 /* InsetTextField.swift */ = {isa = PBXFileReference; lastKnownFileType = sourcecode.swift; path = InsetTextField.swift; sourceTree = "<group>"; };
		5424C9C81FC92B850002ED98 /* ShadowView.swift */ = {isa = PBXFileReference; lastKnownFileType = sourcecode.swift; path = ShadowView.swift; sourceTree = "<group>"; };
		5424C9CA1FC92CC90002ED98 /* AuthService.swift */ = {isa = PBXFileReference; lastKnownFileType = sourcecode.swift; path = AuthService.swift; sourceTree = "<group>"; };
		5425C5E41FCD086000F946B5 /* CreateGroupsVC.swift */ = {isa = PBXFileReference; lastKnownFileType = sourcecode.swift; path = CreateGroupsVC.swift; sourceTree = "<group>"; };
		548193821FCA5F3700B06737 /* MeVC.swift */ = {isa = PBXFileReference; lastKnownFileType = sourcecode.swift; path = MeVC.swift; sourceTree = "<group>"; };
		548193841FCA667B00B06737 /* CreatePostVC.swift */ = {isa = PBXFileReference; lastKnownFileType = sourcecode.swift; path = CreatePostVC.swift; sourceTree = "<group>"; };
		548193861FCA7D3A00B06737 /* UIViewExt.swift */ = {isa = PBXFileReference; lastKnownFileType = sourcecode.swift; path = UIViewExt.swift; sourceTree = "<group>"; };
		548193881FCA88C700B06737 /* FeedCell.swift */ = {isa = PBXFileReference; lastKnownFileType = sourcecode.swift; path = FeedCell.swift; sourceTree = "<group>"; };
		5481938A1FCA8A1600B06737 /* Message.swift */ = {isa = PBXFileReference; lastKnownFileType = sourcecode.swift; path = Message.swift; sourceTree = "<group>"; };
		54B186FB1FD3A0C7002F8D1B /* GroupCell.swift */ = {isa = PBXFileReference; lastKnownFileType = sourcecode.swift; path = GroupCell.swift; sourceTree = "<group>"; };
		54B186FD1FD3C1A8002F8D1B /* Group.swift */ = {isa = PBXFileReference; lastKnownFileType = sourcecode.swift; path = Group.swift; sourceTree = "<group>"; };
		54B186FF1FD4C4A2002F8D1B /* GroupFeedCell.swift */ = {isa = PBXFileReference; lastKnownFileType = sourcecode.swift; path = GroupFeedCell.swift; sourceTree = "<group>"; };
		54B187011FD4C523002F8D1B /* GroupFeedVC.swift */ = {isa = PBXFileReference; lastKnownFileType = sourcecode.swift; path = GroupFeedVC.swift; sourceTree = "<group>"; };
		54EC6EE31FCD2352001468D8 /* UserCell.swift */ = {isa = PBXFileReference; lastKnownFileType = sourcecode.swift; path = UserCell.swift; sourceTree = "<group>"; };
		C4B86EB9A01DF0727739383A /* Pods-breakpoint.release.xcconfig */ = {isa = PBXFileReference; includeInIndex = 1; lastKnownFileType = text.xcconfig; name = "Pods-breakpoint.release.xcconfig"; path = "Pods/Target Support Files/Pods-breakpoint/Pods-breakpoint.release.xcconfig"; sourceTree = "<group>"; };
/* End PBXFileReference section */

/* Begin PBXFrameworksBuildPhase section */
		5424C99F1FC8FED90002ED98 /* Frameworks */ = {
			isa = PBXFrameworksBuildPhase;
			buildActionMask = 2147483647;
			files = (
				EE76EDB98A344E7820B2FC39 /* Pods_breakpoint.framework in Frameworks */,
			);
			runOnlyForDeploymentPostprocessing = 0;
		};
/* End PBXFrameworksBuildPhase section */

/* Begin PBXGroup section */
		5424C9991FC8FED90002ED98 = {
			isa = PBXGroup;
			children = (
				5424C9A41FC8FED90002ED98 /* breakpoint */,
				5424C9A31FC8FED90002ED98 /* Products */,
				899F6F029D594063C62F822F /* Pods */,
				6C175F602D365896D1824BB8 /* Frameworks */,
			);
			sourceTree = "<group>";
		};
		5424C9A31FC8FED90002ED98 /* Products */ = {
			isa = PBXGroup;
			children = (
				5424C9A21FC8FED90002ED98 /* breakpoint.app */,
			);
			name = Products;
			sourceTree = "<group>";
		};
		5424C9A41FC8FED90002ED98 /* breakpoint */ = {
			isa = PBXGroup;
			children = (
				5424C9BD1FC9009E0002ED98 /* Services */,
				5424C9BC1FC900740002ED98 /* Extensions */,
				5424C9BB1FC8FF3C0002ED98 /* Model */,
				5424C9BA1FC8FF280002ED98 /* View */,
				5424C9B91FC8FF160002ED98 /* Controller */,
				5424C9A51FC8FED90002ED98 /* AppDelegate.swift */,
				5424C9AB1FC8FED90002ED98 /* Main.storyboard */,
				5424C9AE1FC8FED90002ED98 /* Assets.xcassets */,
				5424C9B01FC8FED90002ED98 /* LaunchScreen.storyboard */,
				5424C9BE1FC903F80002ED98 /* GoogleService-Info.plist */,
				5424C9B31FC8FED90002ED98 /* Info.plist */,
			);
			path = breakpoint;
			sourceTree = "<group>";
		};
		5424C9B91FC8FF160002ED98 /* Controller */ = {
			isa = PBXGroup;
			children = (
				5424C9A71FC8FED90002ED98 /* FeedVC.swift */,
				5424C9A91FC8FED90002ED98 /* GroupsVC.swift */,
				5424C9C21FC9169A0002ED98 /* AuthVC.swift */,
				5424C9C41FC916AD0002ED98 /* LoginVC.swift */,
				548193821FCA5F3700B06737 /* MeVC.swift */,
				548193841FCA667B00B06737 /* CreatePostVC.swift */,
				5425C5E41FCD086000F946B5 /* CreateGroupsVC.swift */,
				54B187011FD4C523002F8D1B /* GroupFeedVC.swift */,
			);
			path = Controller;
			sourceTree = "<group>";
		};
		5424C9BA1FC8FF280002ED98 /* View */ = {
			isa = PBXGroup;
			children = (
				5424C9C61FC917370002ED98 /* InsetTextField.swift */,
				5424C9C81FC92B850002ED98 /* ShadowView.swift */,
				548193881FCA88C700B06737 /* FeedCell.swift */,
				54EC6EE31FCD2352001468D8 /* UserCell.swift */,
				54B186FB1FD3A0C7002F8D1B /* GroupCell.swift */,
				54B186FF1FD4C4A2002F8D1B /* GroupFeedCell.swift */,
			);
			path = View;
			sourceTree = "<group>";
		};
		5424C9BB1FC8FF3C0002ED98 /* Model */ = {
			isa = PBXGroup;
			children = (
				5481938A1FCA8A1600B06737 /* Message.swift */,
				54B186FD1FD3C1A8002F8D1B /* Group.swift */,
			);
			path = Model;
			sourceTree = "<group>";
		};
		5424C9BC1FC900740002ED98 /* Extensions */ = {
			isa = PBXGroup;
			children = (
				548193861FCA7D3A00B06737 /* UIViewExt.swift */,
				54039EF41FD8E59F00298581 /* UIViewControllerExt.swift */,
			);
			path = Extensions;
			sourceTree = "<group>";
		};
		5424C9BD1FC9009E0002ED98 /* Services */ = {
			isa = PBXGroup;
			children = (
				5424C9C01FC9062F0002ED98 /* DataService.swift */,
				5424C9CA1FC92CC90002ED98 /* AuthService.swift */,
			);
			path = Services;
			sourceTree = "<group>";
		};
		6C175F602D365896D1824BB8 /* Frameworks */ = {
			isa = PBXGroup;
			children = (
				3F2046854E2D68AB649A48AA /* Pods_breakpoint.framework */,
			);
			name = Frameworks;
			sourceTree = "<group>";
		};
		899F6F029D594063C62F822F /* Pods */ = {
			isa = PBXGroup;
			children = (
				140D50C874612CB4EECB0BFF /* Pods-breakpoint.debug.xcconfig */,
				C4B86EB9A01DF0727739383A /* Pods-breakpoint.release.xcconfig */,
			);
			name = Pods;
			sourceTree = "<group>";
		};
/* End PBXGroup section */

/* Begin PBXNativeTarget section */
		5424C9A11FC8FED90002ED98 /* breakpoint */ = {
			isa = PBXNativeTarget;
			buildConfigurationList = 5424C9B61FC8FED90002ED98 /* Build configuration list for PBXNativeTarget "breakpoint" */;
			buildPhases = (
				9A5E9274ED5F1DDFB38E7DD4 /* [CP] Check Pods Manifest.lock */,
				5424C99E1FC8FED90002ED98 /* Sources */,
				5424C99F1FC8FED90002ED98 /* Frameworks */,
				5424C9A01FC8FED90002ED98 /* Resources */,
				9A70A631AE1A806E3EFE1AF5 /* [CP] Embed Pods Frameworks */,
				A621EC972D4C9736ECCD5804 /* [CP] Copy Pods Resources */,
			);
			buildRules = (
			);
			dependencies = (
			);
			name = breakpoint;
			productName = breakpoint;
			productReference = 5424C9A21FC8FED90002ED98 /* breakpoint.app */;
			productType = "com.apple.product-type.application";
		};
/* End PBXNativeTarget section */

/* Begin PBXProject section */
		5424C99A1FC8FED90002ED98 /* Project object */ = {
			isa = PBXProject;
			attributes = {
				LastSwiftUpdateCheck = 0910;
				LastUpgradeCheck = 0910;
				ORGANIZATIONNAME = "Scott Kilbourn";
				TargetAttributes = {
					5424C9A11FC8FED90002ED98 = {
						CreatedOnToolsVersion = 9.1;
						ProvisioningStyle = Automatic;
					};
				};
			};
			buildConfigurationList = 5424C99D1FC8FED90002ED98 /* Build configuration list for PBXProject "breakpoint" */;
			compatibilityVersion = "Xcode 8.0";
			developmentRegion = en;
			hasScannedForEncodings = 0;
			knownRegions = (
				en,
				Base,
			);
			mainGroup = 5424C9991FC8FED90002ED98;
			productRefGroup = 5424C9A31FC8FED90002ED98 /* Products */;
			projectDirPath = "";
			projectRoot = "";
			targets = (
				5424C9A11FC8FED90002ED98 /* breakpoint */,
			);
		};
/* End PBXProject section */

/* Begin PBXResourcesBuildPhase section */
		5424C9A01FC8FED90002ED98 /* Resources */ = {
			isa = PBXResourcesBuildPhase;
			buildActionMask = 2147483647;
			files = (
				5424C9B21FC8FED90002ED98 /* LaunchScreen.storyboard in Resources */,
				5424C9BF1FC903F80002ED98 /* GoogleService-Info.plist in Resources */,
				5424C9AF1FC8FED90002ED98 /* Assets.xcassets in Resources */,
				5424C9AD1FC8FED90002ED98 /* Main.storyboard in Resources */,
			);
			runOnlyForDeploymentPostprocessing = 0;
		};
/* End PBXResourcesBuildPhase section */

/* Begin PBXShellScriptBuildPhase section */
		9A5E9274ED5F1DDFB38E7DD4 /* [CP] Check Pods Manifest.lock */ = {
			isa = PBXShellScriptBuildPhase;
			buildActionMask = 2147483647;
			files = (
			);
			inputPaths = (
			);
			name = "[CP] Check Pods Manifest.lock";
			outputPaths = (
			);
			runOnlyForDeploymentPostprocessing = 0;
			shellPath = /bin/sh;
			shellScript = "diff \"${PODS_ROOT}/../Podfile.lock\" \"${PODS_ROOT}/Manifest.lock\" > /dev/null\nif [ $? != 0 ] ; then\n    # print error to STDERR\n    echo \"error: The sandbox is not in sync with the Podfile.lock. Run 'pod install' or update your CocoaPods installation.\" >&2\n    exit 1\nfi\n";
			showEnvVarsInLog = 0;
		};
		9A70A631AE1A806E3EFE1AF5 /* [CP] Embed Pods Frameworks */ = {
			isa = PBXShellScriptBuildPhase;
			buildActionMask = 2147483647;
			files = (
			);
			inputPaths = (
			);
			name = "[CP] Embed Pods Frameworks";
			outputPaths = (
			);
			runOnlyForDeploymentPostprocessing = 0;
			shellPath = /bin/sh;
			shellScript = "\"${SRCROOT}/Pods/Target Support Files/Pods-breakpoint/Pods-breakpoint-frameworks.sh\"\n";
			showEnvVarsInLog = 0;
		};
		A621EC972D4C9736ECCD5804 /* [CP] Copy Pods Resources */ = {
			isa = PBXShellScriptBuildPhase;
			buildActionMask = 2147483647;
			files = (
			);
			inputPaths = (
			);
			name = "[CP] Copy Pods Resources";
			outputPaths = (
			);
			runOnlyForDeploymentPostprocessing = 0;
			shellPath = /bin/sh;
			shellScript = "\"${SRCROOT}/Pods/Target Support Files/Pods-breakpoint/Pods-breakpoint-resources.sh\"\n";
			showEnvVarsInLog = 0;
		};
/* End PBXShellScriptBuildPhase section */

/* Begin PBXSourcesBuildPhase section */
		5424C99E1FC8FED90002ED98 /* Sources */ = {
			isa = PBXSourcesBuildPhase;
			buildActionMask = 2147483647;
			files = (
				548193871FCA7D3A00B06737 /* UIViewExt.swift in Sources */,
				548193891FCA88C700B06737 /* FeedCell.swift in Sources */,
				548193831FCA5F3700B06737 /* MeVC.swift in Sources */,
				54B186FC1FD3A0C7002F8D1B /* GroupCell.swift in Sources */,
				5424C9C31FC9169A0002ED98 /* AuthVC.swift in Sources */,
				54039EF51FD8E59F00298581 /* UIViewControllerExt.swift in Sources */,
				5424C9AA1FC8FED90002ED98 /* GroupsVC.swift in Sources */,
				54B187021FD4C523002F8D1B /* GroupFeedVC.swift in Sources */,
				54B187001FD4C4A2002F8D1B /* GroupFeedCell.swift in Sources */,
				5424C9C51FC916AD0002ED98 /* LoginVC.swift in Sources */,
				5424C9CB1FC92CC90002ED98 /* AuthService.swift in Sources */,
				5425C5E51FCD086000F946B5 /* CreateGroupsVC.swift in Sources */,
				54B186FE1FD3C1A8002F8D1B /* Group.swift in Sources */,
				54EC6EE41FCD2352001468D8 /* UserCell.swift in Sources */,
				5424C9A61FC8FED90002ED98 /* AppDelegate.swift in Sources */,
				5424C9C91FC92B850002ED98 /* ShadowView.swift in Sources */,
				548193851FCA667B00B06737 /* CreatePostVC.swift in Sources */,
				5424C9A81FC8FED90002ED98 /* FeedVC.swift in Sources */,
				5424C9C71FC917370002ED98 /* InsetTextField.swift in Sources */,
				5424C9C11FC9062F0002ED98 /* DataService.swift in Sources */,
				5481938B1FCA8A1600B06737 /* Message.swift in Sources */,
			);
			runOnlyForDeploymentPostprocessing = 0;
		};
/* End PBXSourcesBuildPhase section */

/* Begin PBXVariantGroup section */
		5424C9AB1FC8FED90002ED98 /* Main.storyboard */ = {
			isa = PBXVariantGroup;
			children = (
				5424C9AC1FC8FED90002ED98 /* Base */,
			);
			name = Main.storyboard;
			sourceTree = "<group>";
		};
		5424C9B01FC8FED90002ED98 /* LaunchScreen.storyboard */ = {
			isa = PBXVariantGroup;
			children = (
				5424C9B11FC8FED90002ED98 /* Base */,
			);
			name = LaunchScreen.storyboard;
			sourceTree = "<group>";
		};
/* End PBXVariantGroup section */

/* Begin XCBuildConfiguration section */
		5424C9B41FC8FED90002ED98 /* Debug */ = {
			isa = XCBuildConfiguration;
			buildSettings = {
				ALWAYS_SEARCH_USER_PATHS = NO;
				CLANG_ANALYZER_NONNULL = YES;
				CLANG_ANALYZER_NUMBER_OBJECT_CONVERSION = YES_AGGRESSIVE;
				CLANG_CXX_LANGUAGE_STANDARD = "gnu++14";
				CLANG_CXX_LIBRARY = "libc++";
				CLANG_ENABLE_MODULES = YES;
				CLANG_ENABLE_OBJC_ARC = YES;
				CLANG_WARN_BLOCK_CAPTURE_AUTORELEASING = YES;
				CLANG_WARN_BOOL_CONVERSION = YES;
				CLANG_WARN_COMMA = YES;
				CLANG_WARN_CONSTANT_CONVERSION = YES;
				CLANG_WARN_DIRECT_OBJC_ISA_USAGE = YES_ERROR;
				CLANG_WARN_DOCUMENTATION_COMMENTS = YES;
				CLANG_WARN_EMPTY_BODY = YES;
				CLANG_WARN_ENUM_CONVERSION = YES;
				CLANG_WARN_INFINITE_RECURSION = YES;
				CLANG_WARN_INT_CONVERSION = YES;
				CLANG_WARN_NON_LITERAL_NULL_CONVERSION = YES;
				CLANG_WARN_OBJC_LITERAL_CONVERSION = YES;
				CLANG_WARN_OBJC_ROOT_CLASS = YES_ERROR;
				CLANG_WARN_RANGE_LOOP_ANALYSIS = YES;
				CLANG_WARN_STRICT_PROTOTYPES = YES;
				CLANG_WARN_SUSPICIOUS_MOVE = YES;
				CLANG_WARN_UNGUARDED_AVAILABILITY = YES_AGGRESSIVE;
				CLANG_WARN_UNREACHABLE_CODE = YES;
				CLANG_WARN__DUPLICATE_METHOD_MATCH = YES;
				CODE_SIGN_IDENTITY = "iPhone Developer";
				COPY_PHASE_STRIP = NO;
				DEBUG_INFORMATION_FORMAT = dwarf;
				ENABLE_STRICT_OBJC_MSGSEND = YES;
				ENABLE_TESTABILITY = YES;
				GCC_C_LANGUAGE_STANDARD = gnu11;
				GCC_DYNAMIC_NO_PIC = NO;
				GCC_NO_COMMON_BLOCKS = YES;
				GCC_OPTIMIZATION_LEVEL = 0;
				GCC_PREPROCESSOR_DEFINITIONS = (
					"DEBUG=1",
					"$(inherited)",
				);
				GCC_WARN_64_TO_32_BIT_CONVERSION = YES;
				GCC_WARN_ABOUT_RETURN_TYPE = YES_ERROR;
				GCC_WARN_UNDECLARED_SELECTOR = YES;
				GCC_WARN_UNINITIALIZED_AUTOS = YES_AGGRESSIVE;
				GCC_WARN_UNUSED_FUNCTION = YES;
				GCC_WARN_UNUSED_VARIABLE = YES;
				IPHONEOS_DEPLOYMENT_TARGET = 11.1;
				MTL_ENABLE_DEBUG_INFO = YES;
				ONLY_ACTIVE_ARCH = YES;
				SDKROOT = iphoneos;
				SWIFT_ACTIVE_COMPILATION_CONDITIONS = DEBUG;
				SWIFT_OPTIMIZATION_LEVEL = "-Onone";
			};
			name = Debug;
		};
		5424C9B51FC8FED90002ED98 /* Release */ = {
			isa = XCBuildConfiguration;
			buildSettings = {
				ALWAYS_SEARCH_USER_PATHS = NO;
				CLANG_ANALYZER_NONNULL = YES;
				CLANG_ANALYZER_NUMBER_OBJECT_CONVERSION = YES_AGGRESSIVE;
				CLANG_CXX_LANGUAGE_STANDARD = "gnu++14";
				CLANG_CXX_LIBRARY = "libc++";
				CLANG_ENABLE_MODULES = YES;
				CLANG_ENABLE_OBJC_ARC = YES;
				CLANG_WARN_BLOCK_CAPTURE_AUTORELEASING = YES;
				CLANG_WARN_BOOL_CONVERSION = YES;
				CLANG_WARN_COMMA = YES;
				CLANG_WARN_CONSTANT_CONVERSION = YES;
				CLANG_WARN_DIRECT_OBJC_ISA_USAGE = YES_ERROR;
				CLANG_WARN_DOCUMENTATION_COMMENTS = YES;
				CLANG_WARN_EMPTY_BODY = YES;
				CLANG_WARN_ENUM_CONVERSION = YES;
				CLANG_WARN_INFINITE_RECURSION = YES;
				CLANG_WARN_INT_CONVERSION = YES;
				CLANG_WARN_NON_LITERAL_NULL_CONVERSION = YES;
				CLANG_WARN_OBJC_LITERAL_CONVERSION = YES;
				CLANG_WARN_OBJC_ROOT_CLASS = YES_ERROR;
				CLANG_WARN_RANGE_LOOP_ANALYSIS = YES;
				CLANG_WARN_STRICT_PROTOTYPES = YES;
				CLANG_WARN_SUSPICIOUS_MOVE = YES;
				CLANG_WARN_UNGUARDED_AVAILABILITY = YES_AGGRESSIVE;
				CLANG_WARN_UNREACHABLE_CODE = YES;
				CLANG_WARN__DUPLICATE_METHOD_MATCH = YES;
				CODE_SIGN_IDENTITY = "iPhone Developer";
				COPY_PHASE_STRIP = NO;
				DEBUG_INFORMATION_FORMAT = "dwarf-with-dsym";
				ENABLE_NS_ASSERTIONS = NO;
				ENABLE_STRICT_OBJC_MSGSEND = YES;
				GCC_C_LANGUAGE_STANDARD = gnu11;
				GCC_NO_COMMON_BLOCKS = YES;
				GCC_WARN_64_TO_32_BIT_CONVERSION = YES;
				GCC_WARN_ABOUT_RETURN_TYPE = YES_ERROR;
				GCC_WARN_UNDECLARED_SELECTOR = YES;
				GCC_WARN_UNINITIALIZED_AUTOS = YES_AGGRESSIVE;
				GCC_WARN_UNUSED_FUNCTION = YES;
				GCC_WARN_UNUSED_VARIABLE = YES;
				IPHONEOS_DEPLOYMENT_TARGET = 11.1;
				MTL_ENABLE_DEBUG_INFO = NO;
				SDKROOT = iphoneos;
				SWIFT_OPTIMIZATION_LEVEL = "-Owholemodule";
				VALIDATE_PRODUCT = YES;
			};
			name = Release;
		};
		5424C9B71FC8FED90002ED98 /* Debug */ = {
			isa = XCBuildConfiguration;
			baseConfigurationReference = 140D50C874612CB4EECB0BFF /* Pods-breakpoint.debug.xcconfig */;
			buildSettings = {
				ASSETCATALOG_COMPILER_APPICON_NAME = AppIcon;
				CODE_SIGN_STYLE = Automatic;
				DEVELOPMENT_TEAM = Y79SBUWR57;
				INFOPLIST_FILE = breakpoint/Info.plist;
				LD_RUNPATH_SEARCH_PATHS = "$(inherited) @executable_path/Frameworks";
				PRODUCT_BUNDLE_IDENTIFIER = com.zoopstuff.breakpoint;
				PRODUCT_NAME = "$(TARGET_NAME)";
				SWIFT_VERSION = 4.0;
				TARGETED_DEVICE_FAMILY = "1,2";
			};
			name = Debug;
		};
		5424C9B81FC8FED90002ED98 /* Release */ = {
			isa = XCBuildConfiguration;
			baseConfigurationReference = C4B86EB9A01DF0727739383A /* Pods-breakpoint.release.xcconfig */;
			buildSettings = {
				ASSETCATALOG_COMPILER_APPICON_NAME = AppIcon;
				CODE_SIGN_STYLE = Automatic;
				DEVELOPMENT_TEAM = Y79SBUWR57;
				INFOPLIST_FILE = breakpoint/Info.plist;
				LD_RUNPATH_SEARCH_PATHS = "$(inherited) @executable_path/Frameworks";
				PRODUCT_BUNDLE_IDENTIFIER = com.zoopstuff.breakpoint;
				PRODUCT_NAME = "$(TARGET_NAME)";
				SWIFT_VERSION = 4.0;
				TARGETED_DEVICE_FAMILY = "1,2";
			};
			name = Release;
		};
/* End XCBuildConfiguration section */

/* Begin XCConfigurationList section */
		5424C99D1FC8FED90002ED98 /* Build configuration list for PBXProject "breakpoint" */ = {
			isa = XCConfigurationList;
			buildConfigurations = (
				5424C9B41FC8FED90002ED98 /* Debug */,
				5424C9B51FC8FED90002ED98 /* Release */,
			);
			defaultConfigurationIsVisible = 0;
			defaultConfigurationName = Release;
		};
		5424C9B61FC8FED90002ED98 /* Build configuration list for PBXNativeTarget "breakpoint" */ = {
			isa = XCConfigurationList;
			buildConfigurations = (
				5424C9B71FC8FED90002ED98 /* Debug */,
				5424C9B81FC8FED90002ED98 /* Release */,
			);
			defaultConfigurationIsVisible = 0;
			defaultConfigurationName = Release;
		};
/* End XCConfigurationList section */
	};
	rootObject = 5424C99A1FC8FED90002ED98 /* Project object */;
}
